
Microsoft Visual Studio Solution File, Format Version 12.00
# Visual Studio 15
Project("{FAE04EC0-301F-11D3-BF4B-00C04F79EFBC}") = "Assembly-CSharp", "Assembly-CSharp.csproj", "{EEF4D911-F6EE-F7AF-18F2-20BA6118DAD2}"
EndProject
Project("{FAE04EC0-301F-11D3-BF4B-00C04F79EFBC}") = "Assembly-CSharp-firstpass", "Assembly-CSharp-firstpass.csproj", "{94503F3B-8CB9-66F2-5591-E8BA6FC040CD}"
EndProject
Global
	GlobalSection(SolutionConfigurationPlatforms) = preSolution
		Debug|Any CPU = Debug|Any CPU
		Release|Any CPU = Release|Any CPU
	EndGlobalSection
	GlobalSection(ProjectConfigurationPlatforms) = postSolution
		{EEF4D911-F6EE-F7AF-18F2-20BA6118DAD2}.Debug|Any CPU.ActiveCfg = Debug|Any CPU
		{EEF4D911-F6EE-F7AF-18F2-20BA6118DAD2}.Debug|Any CPU.Build.0 = Debug|Any CPU
		{EEF4D911-F6EE-F7AF-18F2-20BA6118DAD2}.Release|Any CPU.ActiveCfg = Release|Any CPU
		{EEF4D911-F6EE-F7AF-18F2-20BA6118DAD2}.Release|Any CPU.Build.0 = Release|Any CPU
		{94503F3B-8CB9-66F2-5591-E8BA6FC040CD}.Debug|Any CPU.ActiveCfg = Debug|Any CPU
		{94503F3B-8CB9-66F2-5591-E8BA6FC040CD}.Debug|Any CPU.Build.0 = Debug|Any CPU
		{94503F3B-8CB9-66F2-5591-E8BA6FC040CD}.Release|Any CPU.ActiveCfg = Release|Any CPU
		{94503F3B-8CB9-66F2-5591-E8BA6FC040CD}.Release|Any CPU.Build.0 = Release|Any CPU
	EndGlobalSection
	GlobalSection(SolutionProperties) = preSolution
		HideSolutionNode = FALSE
	EndGlobalSection
EndGlobal
